
Microsoft Visual Studio Solution File, Format Version 12.00
# Visual Studio Version 17
VisualStudioVersion = 17.7.34024.191
MinimumVisualStudioVersion = 10.0.40219.1
Project("{FAE04EC0-301F-11D3-BF4B-00C04F79EFBC}") = "Test", "Test\Test.csproj", "{78DA470E-BA92-4B25-9004-B24D15ACC8C4}"
EndProject
Global
	GlobalSection(SolutionConfigurationPlatforms) = preSolution
		Debug|Any CPU = Debug|Any CPU
		Release|Any CPU = Release|Any CPU
	EndGlobalSection
	GlobalSection(ProjectConfigurationPlatforms) = postSolution
		{78DA470E-BA92-4B25-9004-B24D15ACC8C4}.Debug|Any CPU.ActiveCfg = Debug|Any CPU
		{78DA470E-BA92-4B25-9004-B24D15ACC8C4}.Debug|Any CPU.Build.0 = Debug|Any CPU
		{78DA470E-BA92-4B25-9004-B24D15ACC8C4}.Release|Any CPU.ActiveCfg = Release|Any CPU
		{78DA470E-BA92-4B25-9004-B24D15ACC8C4}.Release|Any CPU.Build.0 = Release|Any CPU
	EndGlobalSection
	GlobalSection(SolutionProperties) = preSolution
		HideSolutionNode = FALSE
	EndGlobalSection
	GlobalSection(ExtensibilityGlobals) = postSolution
		SolutionGuid = {F681FF27-A1BA-4180-B26A-7689F244A362}
	EndGlobalSection
EndGlobal
